
Microsoft Visual Studio Solution File, Format Version 12.00
# Visual Studio 15
VisualStudioVersion = 15.0.27004.2002
MinimumVisualStudioVersion = 10.0.40219.1
Project("{FAE04EC0-301F-11D3-BF4B-00C04F79EFBC}") = "ESAPIX", "ESAPIX\ESAPIX.csproj", "{3C5FDD1E-FC04-4C21-BBFF-DFE3C584B729}"
EndProject
Project("{FAE04EC0-301F-11D3-BF4B-00C04F79EFBC}") = "ESAPIX.Bootstrapper", "ESAPIX.Bootstrapper\ESAPIX.Bootstrapper.csproj", "{26F9BB2A-80A4-44A5-A737-AAC1042B1CC9}"
EndProject
Global
	GlobalSection(SolutionConfigurationPlatforms) = preSolution
		11.0-DEBUG|x64 = 11.0-DEBUG|x64
		11.0-RELEASE|x64 = 11.0-RELEASE|x64
		13.6-DEBUG|x64 = 13.6-DEBUG|x64
		13.6-RELEASE|x64 = 13.6-RELEASE|x64
		13.7-DEBUG|x64 = 13.7-DEBUG|x64
		13.7-RELEASE|x64 = 13.7-RELEASE|x64
		15.0-DEBUG|x64 = 15.0-DEBUG|x64
		15.0-RELEASE|x64 = 15.0-RELEASE|x64
		15.1-DEBUG|x64 = 15.1-DEBUG|x64
		15.1-RELEASE|x64 = 15.1-RELEASE|x64
		15.5-DEBUG|x64 = 15.5-DEBUG|x64
		15.5-RELEASE|x64 = 15.5-RELEASE|x64
	EndGlobalSection
	GlobalSection(ProjectConfigurationPlatforms) = postSolution
		{3C5FDD1E-FC04-4C21-BBFF-DFE3C584B729}.11.0-DEBUG|x64.ActiveCfg = 11.0-DEBUG|x64
		{3C5FDD1E-FC04-4C21-BBFF-DFE3C584B729}.11.0-DEBUG|x64.Build.0 = 11.0-DEBUG|x64
		{3C5FDD1E-FC04-4C21-BBFF-DFE3C584B729}.11.0-RELEASE|x64.ActiveCfg = 11.0-RELEASE|x64
		{3C5FDD1E-FC04-4C21-BBFF-DFE3C584B729}.11.0-RELEASE|x64.Build.0 = 11.0-RELEASE|x64
		{3C5FDD1E-FC04-4C21-BBFF-DFE3C584B729}.13.6-DEBUG|x64.ActiveCfg = 13.6-DEBUG|x64
		{3C5FDD1E-FC04-4C21-BBFF-DFE3C584B729}.13.6-DEBUG|x64.Build.0 = 13.6-DEBUG|x64
		{3C5FDD1E-FC04-4C21-BBFF-DFE3C584B729}.13.6-RELEASE|x64.ActiveCfg = 13.6-RELEASE|x64
		{3C5FDD1E-FC04-4C21-BBFF-DFE3C584B729}.13.6-RELEASE|x64.Build.0 = 13.6-RELEASE|x64
		{3C5FDD1E-FC04-4C21-BBFF-DFE3C584B729}.13.7-DEBUG|x64.ActiveCfg = 13.7-DEBUG|x64
		{3C5FDD1E-FC04-4C21-BBFF-DFE3C584B729}.13.7-DEBUG|x64.Build.0 = 13.7-DEBUG|x64
		{3C5FDD1E-FC04-4C21-BBFF-DFE3C584B729}.13.7-RELEASE|x64.ActiveCfg = 13.7-RELEASE|x64
		{3C5FDD1E-FC04-4C21-BBFF-DFE3C584B729}.13.7-RELEASE|x64.Build.0 = 13.7-RELEASE|x64
		{3C5FDD1E-FC04-4C21-BBFF-DFE3C584B729}.15.0-DEBUG|x64.ActiveCfg = 15.0-DEBUG|x64
		{3C5FDD1E-FC04-4C21-BBFF-DFE3C584B729}.15.0-DEBUG|x64.Build.0 = 15.0-DEBUG|x64
		{3C5FDD1E-FC04-4C21-BBFF-DFE3C584B729}.15.0-RELEASE|x64.ActiveCfg = 15.0-RELEASE|x64
		{3C5FDD1E-FC04-4C21-BBFF-DFE3C584B729}.15.0-RELEASE|x64.Build.0 = 15.0-RELEASE|x64
		{3C5FDD1E-FC04-4C21-BBFF-DFE3C584B729}.15.1-DEBUG|x64.ActiveCfg = 15.1-DEBUG|x64
		{3C5FDD1E-FC04-4C21-BBFF-DFE3C584B729}.15.1-DEBUG|x64.Build.0 = 15.1-DEBUG|x64
		{3C5FDD1E-FC04-4C21-BBFF-DFE3C584B729}.15.1-RELEASE|x64.ActiveCfg = 15.1-RELEASE|x64
		{3C5FDD1E-FC04-4C21-BBFF-DFE3C584B729}.15.1-RELEASE|x64.Build.0 = 15.1-RELEASE|x64
		{3C5FDD1E-FC04-4C21-BBFF-DFE3C584B729}.15.5-DEBUG|x64.ActiveCfg = 15.5-DEBUG|x64
		{3C5FDD1E-FC04-4C21-BBFF-DFE3C584B729}.15.5-DEBUG|x64.Build.0 = 15.5-DEBUG|x64
		{3C5FDD1E-FC04-4C21-BBFF-DFE3C584B729}.15.5-RELEASE|x64.ActiveCfg = 15.5-RELEASE|x64
		{3C5FDD1E-FC04-4C21-BBFF-DFE3C584B729}.15.5-RELEASE|x64.Build.0 = 15.5-RELEASE|x64
		{26F9BB2A-80A4-44A5-A737-AAC1042B1CC9}.11.0-DEBUG|x64.ActiveCfg = 11.0-DEBUG|x64
		{26F9BB2A-80A4-44A5-A737-AAC1042B1CC9}.11.0-DEBUG|x64.Build.0 = 11.0-DEBUG|x64
		{26F9BB2A-80A4-44A5-A737-AAC1042B1CC9}.11.0-RELEASE|x64.ActiveCfg = 11.0-RELEASE|x64
		{26F9BB2A-80A4-44A5-A737-AAC1042B1CC9}.11.0-RELEASE|x64.Build.0 = 11.0-RELEASE|x64
		{26F9BB2A-80A4-44A5-A737-AAC1042B1CC9}.13.6-DEBUG|x64.ActiveCfg = 13.6-DEBUG|x64
		{26F9BB2A-80A4-44A5-A737-AAC1042B1CC9}.13.6-DEBUG|x64.Build.0 = 13.6-DEBUG|x64
		{26F9BB2A-80A4-44A5-A737-AAC1042B1CC9}.13.6-RELEASE|x64.ActiveCfg = 13.6-RELEASE|x64
		{26F9BB2A-80A4-44A5-A737-AAC1042B1CC9}.13.6-RELEASE|x64.Build.0 = 13.6-RELEASE|x64
		{26F9BB2A-80A4-44A5-A737-AAC1042B1CC9}.13.7-DEBUG|x64.ActiveCfg = 13.7-DEBUG|x64
		{26F9BB2A-80A4-44A5-A737-AAC1042B1CC9}.13.7-DEBUG|x64.Build.0 = 13.7-DEBUG|x64
		{26F9BB2A-80A4-44A5-A737-AAC1042B1CC9}.13.7-RELEASE|x64.ActiveCfg = 13.7-RELEASE|x64
		{26F9BB2A-80A4-44A5-A737-AAC1042B1CC9}.13.7-RELEASE|x64.Build.0 = 13.7-RELEASE|x64
		{26F9BB2A-80A4-44A5-A737-AAC1042B1CC9}.15.0-DEBUG|x64.ActiveCfg = 15.0-DEBUG|x64
		{26F9BB2A-80A4-44A5-A737-AAC1042B1CC9}.15.0-DEBUG|x64.Build.0 = 15.0-DEBUG|x64
		{26F9BB2A-80A4-44A5-A737-AAC1042B1CC9}.15.0-RELEASE|x64.ActiveCfg = 15.0-RELEASE|x64
		{26F9BB2A-80A4-44A5-A737-AAC1042B1CC9}.15.0-RELEASE|x64.Build.0 = 15.0-RELEASE|x64
		{26F9BB2A-80A4-44A5-A737-AAC1042B1CC9}.15.1-DEBUG|x64.ActiveCfg = 15.1-DEBUG|x64
		{26F9BB2A-80A4-44A5-A737-AAC1042B1CC9}.15.1-DEBUG|x64.Build.0 = 15.1-DEBUG|x64
		{26F9BB2A-80A4-44A5-A737-AAC1042B1CC9}.15.1-RELEASE|x64.ActiveCfg = 15.1-RELEASE|x64
		{26F9BB2A-80A4-44A5-A737-AAC1042B1CC9}.15.1-RELEASE|x64.Build.0 = 15.1-RELEASE|x64
		{26F9BB2A-80A4-44A5-A737-AAC1042B1CC9}.15.5-DEBUG|x64.ActiveCfg = 15.5-DEBUG|x64
		{26F9BB2A-80A4-44A5-A737-AAC1042B1CC9}.15.5-DEBUG|x64.Build.0 = 15.5-DEBUG|x64
		{26F9BB2A-80A4-44A5-A737-AAC1042B1CC9}.15.5-RELEASE|x64.ActiveCfg = 15.5-RELEASE|x64
		{26F9BB2A-80A4-44A5-A737-AAC1042B1CC9}.15.5-RELEASE|x64.Build.0 = 15.5-RELEASE|x64
	EndGlobalSection
	GlobalSection(SolutionProperties) = preSolution
		HideSolutionNode = FALSE
	EndGlobalSection
	GlobalSection(ExtensibilityGlobals) = postSolution
		SolutionGuid = {B7D59356-0248-44AC-9D5C-7D85330427C5}
	EndGlobalSection
EndGlobal
