
Microsoft Visual Studio Solution File, Format Version 12.00
# Visual Studio 15
VisualStudioVersion = 15.0.26403.0
MinimumVisualStudioVersion = 10.0.40219.1
Project("{FAE04EC0-301F-11D3-BF4B-00C04F79EFBC}") = "ESAPIX", "ESAPIX\ESAPIX.csproj", "{3C5FDD1E-FC04-4C21-BBFF-DFE3C584B729}"
EndProject
Project("{FAE04EC0-301F-11D3-BF4B-00C04F79EFBC}") = "ESAPIX.Bootstrapper", "ESAPIX.Bootstrapper\ESAPIX.Bootstrapper.csproj", "{26F9BB2A-80A4-44A5-A737-AAC1042B1CC9}"
EndProject
Project("{FAE04EC0-301F-11D3-BF4B-00C04F79EFBC}") = "ESAPIX.OfflineObjects", "ESAPIX.OfflineObjects\ESAPIX.OfflineObjects.csproj", "{DFD0A2D0-A5AB-4C9E-A021-26D47AA7E1F0}"
EndProject
Project("{FAE04EC0-301F-11D3-BF4B-00C04F79EFBC}") = "ESAPIXTests", "ESAPIXTests\ESAPIXTests.csproj", "{628354B3-9366-4BC1-8FC6-21A8FD33E9D5}"
EndProject
Global
	GlobalSection(SolutionConfigurationPlatforms) = preSolution
		Debug|Any CPU = Debug|Any CPU
		Debug|x64 = Debug|x64
		Release|Any CPU = Release|Any CPU
		Release|x64 = Release|x64
	EndGlobalSection
	GlobalSection(ProjectConfigurationPlatforms) = postSolution
		{3C5FDD1E-FC04-4C21-BBFF-DFE3C584B729}.Debug|Any CPU.ActiveCfg = Debug|Any CPU
		{3C5FDD1E-FC04-4C21-BBFF-DFE3C584B729}.Debug|Any CPU.Build.0 = Debug|Any CPU
		{3C5FDD1E-FC04-4C21-BBFF-DFE3C584B729}.Debug|x64.ActiveCfg = Debug|x64
		{3C5FDD1E-FC04-4C21-BBFF-DFE3C584B729}.Debug|x64.Build.0 = Debug|x64
		{3C5FDD1E-FC04-4C21-BBFF-DFE3C584B729}.Release|Any CPU.ActiveCfg = Release|Any CPU
		{3C5FDD1E-FC04-4C21-BBFF-DFE3C584B729}.Release|Any CPU.Build.0 = Release|Any CPU
		{3C5FDD1E-FC04-4C21-BBFF-DFE3C584B729}.Release|x64.ActiveCfg = Release|x64
		{3C5FDD1E-FC04-4C21-BBFF-DFE3C584B729}.Release|x64.Build.0 = Release|x64
		{26F9BB2A-80A4-44A5-A737-AAC1042B1CC9}.Debug|Any CPU.ActiveCfg = Debug|Any CPU
		{26F9BB2A-80A4-44A5-A737-AAC1042B1CC9}.Debug|Any CPU.Build.0 = Debug|Any CPU
		{26F9BB2A-80A4-44A5-A737-AAC1042B1CC9}.Debug|x64.ActiveCfg = Debug|x64
		{26F9BB2A-80A4-44A5-A737-AAC1042B1CC9}.Debug|x64.Build.0 = Debug|x64
		{26F9BB2A-80A4-44A5-A737-AAC1042B1CC9}.Release|Any CPU.ActiveCfg = Release|Any CPU
		{26F9BB2A-80A4-44A5-A737-AAC1042B1CC9}.Release|Any CPU.Build.0 = Release|Any CPU
		{26F9BB2A-80A4-44A5-A737-AAC1042B1CC9}.Release|x64.ActiveCfg = Release|x64
		{26F9BB2A-80A4-44A5-A737-AAC1042B1CC9}.Release|x64.Build.0 = Release|x64
		{DFD0A2D0-A5AB-4C9E-A021-26D47AA7E1F0}.Debug|Any CPU.ActiveCfg = Debug|Any CPU
		{DFD0A2D0-A5AB-4C9E-A021-26D47AA7E1F0}.Debug|Any CPU.Build.0 = Debug|Any CPU
		{DFD0A2D0-A5AB-4C9E-A021-26D47AA7E1F0}.Debug|x64.ActiveCfg = Debug|x64
		{DFD0A2D0-A5AB-4C9E-A021-26D47AA7E1F0}.Debug|x64.Build.0 = Debug|x64
		{DFD0A2D0-A5AB-4C9E-A021-26D47AA7E1F0}.Release|Any CPU.ActiveCfg = Release|Any CPU
		{DFD0A2D0-A5AB-4C9E-A021-26D47AA7E1F0}.Release|Any CPU.Build.0 = Release|Any CPU
		{DFD0A2D0-A5AB-4C9E-A021-26D47AA7E1F0}.Release|x64.ActiveCfg = Release|x64
		{DFD0A2D0-A5AB-4C9E-A021-26D47AA7E1F0}.Release|x64.Build.0 = Release|x64
		{628354B3-9366-4BC1-8FC6-21A8FD33E9D5}.Debug|Any CPU.ActiveCfg = Debug|Any CPU
		{628354B3-9366-4BC1-8FC6-21A8FD33E9D5}.Debug|Any CPU.Build.0 = Debug|Any CPU
		{628354B3-9366-4BC1-8FC6-21A8FD33E9D5}.Debug|x64.ActiveCfg = Debug|Any CPU
		{628354B3-9366-4BC1-8FC6-21A8FD33E9D5}.Debug|x64.Build.0 = Debug|Any CPU
		{628354B3-9366-4BC1-8FC6-21A8FD33E9D5}.Release|Any CPU.ActiveCfg = Release|Any CPU
		{628354B3-9366-4BC1-8FC6-21A8FD33E9D5}.Release|Any CPU.Build.0 = Release|Any CPU
		{628354B3-9366-4BC1-8FC6-21A8FD33E9D5}.Release|x64.ActiveCfg = Release|x64
		{628354B3-9366-4BC1-8FC6-21A8FD33E9D5}.Release|x64.Build.0 = Release|x64
	EndGlobalSection
	GlobalSection(SolutionProperties) = preSolution
		HideSolutionNode = FALSE
	EndGlobalSection
EndGlobal
