### YamlMime:ManagedReference
items:
- uid: ESAPIX.Facade.API.Block
  commentId: T:ESAPIX.Facade.API.Block
  id: Block
  parent: ESAPIX.Facade.API
  children:
  - ESAPIX.Facade.API.Block.#ctor
  - ESAPIX.Facade.API.Block.#ctor(System.Object)
  - ESAPIX.Facade.API.Block.AddOnMaterial
  - ESAPIX.Facade.API.Block.IsDiverging
  - ESAPIX.Facade.API.Block.IsLive
  - ESAPIX.Facade.API.Block.TransmissionFactor
  - ESAPIX.Facade.API.Block.Tray
  - ESAPIX.Facade.API.Block.TrayTransmissionFactor
  - ESAPIX.Facade.API.Block.Type
  - ESAPIX.Facade.API.Block.WriteXml(System.Xml.XmlWriter)
  langs:
  - csharp
  - vb
  name: Block
  nameWithType: Block
  fullName: ESAPIX.Facade.API.Block
  type: Class
  source:
    id: Block
    path: ''
    startLine: 6195
  assemblies:
  - cs.temp.dll
  namespace: ESAPIX.Facade.API
  syntax:
    content: 'public class Block : ApiDataObject'
    content.vb: >-
      Public Class Block
          Inherits ApiDataObject
  inheritance:
  - System.Object
  - ESAPIX.Facade.API.SerializableObject
  - ESAPIX.Facade.API.ApiDataObject
  inheritedMembers:
  - ESAPIX.Facade.API.ApiDataObject.Id
  - ESAPIX.Facade.API.ApiDataObject.Name
  - ESAPIX.Facade.API.ApiDataObject.Comment
  - ESAPIX.Facade.API.ApiDataObject.HistoryUserName
  - ESAPIX.Facade.API.ApiDataObject.HistoryDateTime
  - ESAPIX.Facade.API.ApiDataObject.ToString
  - ESAPIX.Facade.API.ApiDataObject.Equals(System.Object)
  - ESAPIX.Facade.API.ApiDataObject.GetHashCode
  - ESAPIX.Facade.API.SerializableObject.GetSchema
  - ESAPIX.Facade.API.SerializableObject.ReadXml(System.Xml.XmlReader)
  - ESAPIX.Facade.API.SerializableObject.ClearSerializationHistory
  - System.Object.Equals(System.Object,System.Object)
  - System.Object.ReferenceEquals(System.Object,System.Object)
  - System.Object.GetType
  - System.Object.MemberwiseClone
  modifiers.csharp:
  - public
  - class
  modifiers.vb:
  - Public
  - Class
- uid: ESAPIX.Facade.API.Block.#ctor
  commentId: M:ESAPIX.Facade.API.Block.#ctor
  id: '#ctor'
  parent: ESAPIX.Facade.API.Block
  langs:
  - csharp
  - vb
  name: Block()
  nameWithType: Block.Block()
  fullName: ESAPIX.Facade.API.Block.Block()
  type: Constructor
  source:
    id: .ctor
    path: ''
    startLine: 6197
  assemblies:
  - cs.temp.dll
  namespace: ESAPIX.Facade.API
  syntax:
    content: public Block()
    content.vb: Public Sub New
  overload: ESAPIX.Facade.API.Block.#ctor*
  modifiers.csharp:
  - public
  modifiers.vb:
  - Public
- uid: ESAPIX.Facade.API.Block.#ctor(System.Object)
  commentId: M:ESAPIX.Facade.API.Block.#ctor(System.Object)
  id: '#ctor(System.Object)'
  parent: ESAPIX.Facade.API.Block
  langs:
  - csharp
  - vb
  name: Block(Object)
  nameWithType: Block.Block(Object)
  fullName: ESAPIX.Facade.API.Block.Block(System.Object)
  type: Constructor
  source:
    id: .ctor
    path: ''
    startLine: 6202
  assemblies:
  - cs.temp.dll
  namespace: ESAPIX.Facade.API
  syntax:
    content: public Block(dynamic client)
    content.vb: Public Sub New(client As Object)
    parameters:
    - id: client
      type: System.Object
  overload: ESAPIX.Facade.API.Block.#ctor*
  modifiers.csharp:
  - public
  modifiers.vb:
  - Public
- uid: ESAPIX.Facade.API.Block.IsLive
  commentId: P:ESAPIX.Facade.API.Block.IsLive
  id: IsLive
  parent: ESAPIX.Facade.API.Block
  langs:
  - csharp
  - vb
  name: IsLive
  nameWithType: Block.IsLive
  fullName: ESAPIX.Facade.API.Block.IsLive
  type: Property
  source:
    id: IsLive
    path: ''
    startLine: 6207
  assemblies:
  - cs.temp.dll
  namespace: ESAPIX.Facade.API
  syntax:
    content: public bool IsLive { get; }
    content.vb: Public ReadOnly Property IsLive As Boolean
    parameters: []
    return:
      type: System.Boolean
  overload: ESAPIX.Facade.API.Block.IsLive*
  modifiers.csharp:
  - public
  - get
  modifiers.vb:
  - Public
  - ReadOnly
- uid: ESAPIX.Facade.API.Block.AddOnMaterial
  commentId: P:ESAPIX.Facade.API.Block.AddOnMaterial
  id: AddOnMaterial
  parent: ESAPIX.Facade.API.Block
  langs:
  - csharp
  - vb
  name: AddOnMaterial
  nameWithType: Block.AddOnMaterial
  fullName: ESAPIX.Facade.API.Block.AddOnMaterial
  type: Property
  source:
    id: AddOnMaterial
    path: ''
    startLine: 6212
  assemblies:
  - cs.temp.dll
  namespace: ESAPIX.Facade.API
  syntax:
    content: public AddOnMaterial AddOnMaterial { get; set; }
    content.vb: Public Property AddOnMaterial As AddOnMaterial
    parameters: []
    return:
      type: ESAPIX.Facade.API.AddOnMaterial
  overload: ESAPIX.Facade.API.Block.AddOnMaterial*
  modifiers.csharp:
  - public
  - get
  - set
  modifiers.vb:
  - Public
- uid: ESAPIX.Facade.API.Block.IsDiverging
  commentId: P:ESAPIX.Facade.API.Block.IsDiverging
  id: IsDiverging
  parent: ESAPIX.Facade.API.Block
  langs:
  - csharp
  - vb
  name: IsDiverging
  nameWithType: Block.IsDiverging
  fullName: ESAPIX.Facade.API.Block.IsDiverging
  type: Property
  source:
    id: IsDiverging
    path: ''
    startLine: 6233
  assemblies:
  - cs.temp.dll
  namespace: ESAPIX.Facade.API
  syntax:
    content: public bool IsDiverging { get; set; }
    content.vb: Public Property IsDiverging As Boolean
    parameters: []
    return:
      type: System.Boolean
  overload: ESAPIX.Facade.API.Block.IsDiverging*
  modifiers.csharp:
  - public
  - get
  - set
  modifiers.vb:
  - Public
- uid: ESAPIX.Facade.API.Block.TransmissionFactor
  commentId: P:ESAPIX.Facade.API.Block.TransmissionFactor
  id: TransmissionFactor
  parent: ESAPIX.Facade.API.Block
  langs:
  - csharp
  - vb
  name: TransmissionFactor
  nameWithType: Block.TransmissionFactor
  fullName: ESAPIX.Facade.API.Block.TransmissionFactor
  type: Property
  source:
    id: TransmissionFactor
    path: ''
    startLine: 6248
  assemblies:
  - cs.temp.dll
  namespace: ESAPIX.Facade.API
  syntax:
    content: public double TransmissionFactor { get; set; }
    content.vb: Public Property TransmissionFactor As Double
    parameters: []
    return:
      type: System.Double
  overload: ESAPIX.Facade.API.Block.TransmissionFactor*
  modifiers.csharp:
  - public
  - get
  - set
  modifiers.vb:
  - Public
- uid: ESAPIX.Facade.API.Block.Tray
  commentId: P:ESAPIX.Facade.API.Block.Tray
  id: Tray
  parent: ESAPIX.Facade.API.Block
  langs:
  - csharp
  - vb
  name: Tray
  nameWithType: Block.Tray
  fullName: ESAPIX.Facade.API.Block.Tray
  type: Property
  source:
    id: Tray
    path: ''
    startLine: 6265
  assemblies:
  - cs.temp.dll
  namespace: ESAPIX.Facade.API
  syntax:
    content: public Tray Tray { get; set; }
    content.vb: Public Property Tray As Tray
    parameters: []
    return:
      type: ESAPIX.Facade.API.Tray
  overload: ESAPIX.Facade.API.Block.Tray*
  modifiers.csharp:
  - public
  - get
  - set
  modifiers.vb:
  - Public
- uid: ESAPIX.Facade.API.Block.TrayTransmissionFactor
  commentId: P:ESAPIX.Facade.API.Block.TrayTransmissionFactor
  id: TrayTransmissionFactor
  parent: ESAPIX.Facade.API.Block
  langs:
  - csharp
  - vb
  name: TrayTransmissionFactor
  nameWithType: Block.TrayTransmissionFactor
  fullName: ESAPIX.Facade.API.Block.TrayTransmissionFactor
  type: Property
  source:
    id: TrayTransmissionFactor
    path: ''
    startLine: 6284
  assemblies:
  - cs.temp.dll
  namespace: ESAPIX.Facade.API
  syntax:
    content: public double TrayTransmissionFactor { get; set; }
    content.vb: Public Property TrayTransmissionFactor As Double
    parameters: []
    return:
      type: System.Double
  overload: ESAPIX.Facade.API.Block.TrayTransmissionFactor*
  modifiers.csharp:
  - public
  - get
  - set
  modifiers.vb:
  - Public
- uid: ESAPIX.Facade.API.Block.Type
  commentId: P:ESAPIX.Facade.API.Block.Type
  id: Type
  parent: ESAPIX.Facade.API.Block
  langs:
  - csharp
  - vb
  name: Type
  nameWithType: Block.Type
  fullName: ESAPIX.Facade.API.Block.Type
  type: Property
  source:
    id: Type
    path: ''
    startLine: 6302
  assemblies:
  - cs.temp.dll
  namespace: ESAPIX.Facade.API
  syntax:
    content: public BlockType Type { get; set; }
    content.vb: Public Property Type As BlockType
    parameters: []
    return:
      type: BlockType
  overload: ESAPIX.Facade.API.Block.Type*
  modifiers.csharp:
  - public
  - get
  - set
  modifiers.vb:
  - Public
- uid: ESAPIX.Facade.API.Block.WriteXml(System.Xml.XmlWriter)
  commentId: M:ESAPIX.Facade.API.Block.WriteXml(System.Xml.XmlWriter)
  id: WriteXml(System.Xml.XmlWriter)
  parent: ESAPIX.Facade.API.Block
  langs:
  - csharp
  - vb
  name: WriteXml(Xml.XmlWriter)
  nameWithType: Block.WriteXml(Xml.XmlWriter)
  fullName: ESAPIX.Facade.API.Block.WriteXml(System.Xml.XmlWriter)
  type: Method
  source:
    id: WriteXml
    path: ''
    startLine: 6317
  assemblies:
  - cs.temp.dll
  namespace: ESAPIX.Facade.API
  syntax:
    content: public void WriteXml(Xml.XmlWriter writer)
    content.vb: Public Sub WriteXml(writer As Xml.XmlWriter)
    parameters:
    - id: writer
      type: System.Xml.XmlWriter
  overload: ESAPIX.Facade.API.Block.WriteXml*
  modifiers.csharp:
  - public
  modifiers.vb:
  - Public
references:
- uid: ESAPIX.Facade.API
  commentId: N:ESAPIX.Facade.API
  isExternal: false
  name: ESAPIX.Facade.API
  nameWithType: ESAPIX.Facade.API
  fullName: ESAPIX.Facade.API
- uid: System.Object
  commentId: T:System.Object
  parent: System
  isExternal: true
  name: Object
  nameWithType: Object
  fullName: System.Object
- uid: ESAPIX.Facade.API.SerializableObject
  commentId: T:ESAPIX.Facade.API.SerializableObject
  parent: ESAPIX.Facade.API
  isExternal: false
  name: SerializableObject
  nameWithType: SerializableObject
  fullName: ESAPIX.Facade.API.SerializableObject
- uid: ESAPIX.Facade.API.ApiDataObject
  commentId: T:ESAPIX.Facade.API.ApiDataObject
  parent: ESAPIX.Facade.API
  isExternal: false
  name: ApiDataObject
  nameWithType: ApiDataObject
  fullName: ESAPIX.Facade.API.ApiDataObject
- uid: ESAPIX.Facade.API.ApiDataObject.Id
  commentId: P:ESAPIX.Facade.API.ApiDataObject.Id
  parent: ESAPIX.Facade.API.ApiDataObject
  isExternal: false
  name: Id
  nameWithType: ApiDataObject.Id
  fullName: ESAPIX.Facade.API.ApiDataObject.Id
- uid: ESAPIX.Facade.API.ApiDataObject.Name
  commentId: P:ESAPIX.Facade.API.ApiDataObject.Name
  parent: ESAPIX.Facade.API.ApiDataObject
  isExternal: false
  name: Name
  nameWithType: ApiDataObject.Name
  fullName: ESAPIX.Facade.API.ApiDataObject.Name
- uid: ESAPIX.Facade.API.ApiDataObject.Comment
  commentId: P:ESAPIX.Facade.API.ApiDataObject.Comment
  parent: ESAPIX.Facade.API.ApiDataObject
  isExternal: false
  name: Comment
  nameWithType: ApiDataObject.Comment
  fullName: ESAPIX.Facade.API.ApiDataObject.Comment
- uid: ESAPIX.Facade.API.ApiDataObject.HistoryUserName
  commentId: P:ESAPIX.Facade.API.ApiDataObject.HistoryUserName
  parent: ESAPIX.Facade.API.ApiDataObject
  isExternal: false
  name: HistoryUserName
  nameWithType: ApiDataObject.HistoryUserName
  fullName: ESAPIX.Facade.API.ApiDataObject.HistoryUserName
- uid: ESAPIX.Facade.API.ApiDataObject.HistoryDateTime
  commentId: P:ESAPIX.Facade.API.ApiDataObject.HistoryDateTime
  parent: ESAPIX.Facade.API.ApiDataObject
  isExternal: false
  name: HistoryDateTime
  nameWithType: ApiDataObject.HistoryDateTime
  fullName: ESAPIX.Facade.API.ApiDataObject.HistoryDateTime
- uid: ESAPIX.Facade.API.ApiDataObject.ToString
  commentId: M:ESAPIX.Facade.API.ApiDataObject.ToString
  parent: ESAPIX.Facade.API.ApiDataObject
  isExternal: false
  name: ToString()
  nameWithType: ApiDataObject.ToString()
  fullName: ESAPIX.Facade.API.ApiDataObject.ToString()
  spec.csharp:
  - uid: ESAPIX.Facade.API.ApiDataObject.ToString
    name: ToString
    nameWithType: ApiDataObject.ToString
    fullName: ESAPIX.Facade.API.ApiDataObject.ToString
  - name: (
    nameWithType: (
    fullName: (
  - name: )
    nameWithType: )
    fullName: )
  spec.vb:
  - uid: ESAPIX.Facade.API.ApiDataObject.ToString
    name: ToString
    nameWithType: ApiDataObject.ToString
    fullName: ESAPIX.Facade.API.ApiDataObject.ToString
  - name: (
    nameWithType: (
    fullName: (
  - name: )
    nameWithType: )
    fullName: )
- uid: ESAPIX.Facade.API.ApiDataObject.Equals(System.Object)
  commentId: M:ESAPIX.Facade.API.ApiDataObject.Equals(System.Object)
  parent: ESAPIX.Facade.API.ApiDataObject
  isExternal: true
  name: Equals(Object)
  nameWithType: ApiDataObject.Equals(Object)
  fullName: ESAPIX.Facade.API.ApiDataObject.Equals(System.Object)
  spec.csharp:
  - uid: ESAPIX.Facade.API.ApiDataObject.Equals(System.Object)
    name: Equals
    nameWithType: ApiDataObject.Equals
    fullName: ESAPIX.Facade.API.ApiDataObject.Equals
  - name: (
    nameWithType: (
    fullName: (
  - uid: System.Object
    name: Object
    nameWithType: Object
    fullName: System.Object
    isExternal: true
  - name: )
    nameWithType: )
    fullName: )
  spec.vb:
  - uid: ESAPIX.Facade.API.ApiDataObject.Equals(System.Object)
    name: Equals
    nameWithType: ApiDataObject.Equals
    fullName: ESAPIX.Facade.API.ApiDataObject.Equals
  - name: (
    nameWithType: (
    fullName: (
  - uid: System.Object
    name: Object
    nameWithType: Object
    fullName: System.Object
    isExternal: true
  - name: )
    nameWithType: )
    fullName: )
- uid: ESAPIX.Facade.API.ApiDataObject.GetHashCode
  commentId: M:ESAPIX.Facade.API.ApiDataObject.GetHashCode
  parent: ESAPIX.Facade.API.ApiDataObject
  isExternal: false
  name: GetHashCode()
  nameWithType: ApiDataObject.GetHashCode()
  fullName: ESAPIX.Facade.API.ApiDataObject.GetHashCode()
  spec.csharp:
  - uid: ESAPIX.Facade.API.ApiDataObject.GetHashCode
    name: GetHashCode
    nameWithType: ApiDataObject.GetHashCode
    fullName: ESAPIX.Facade.API.ApiDataObject.GetHashCode
  - name: (
    nameWithType: (
    fullName: (
  - name: )
    nameWithType: )
    fullName: )
  spec.vb:
  - uid: ESAPIX.Facade.API.ApiDataObject.GetHashCode
    name: GetHashCode
    nameWithType: ApiDataObject.GetHashCode
    fullName: ESAPIX.Facade.API.ApiDataObject.GetHashCode
  - name: (
    nameWithType: (
    fullName: (
  - name: )
    nameWithType: )
    fullName: )
- uid: ESAPIX.Facade.API.SerializableObject.GetSchema
  commentId: M:ESAPIX.Facade.API.SerializableObject.GetSchema
  parent: ESAPIX.Facade.API.SerializableObject
  isExternal: false
  name: GetSchema()
  nameWithType: SerializableObject.GetSchema()
  fullName: ESAPIX.Facade.API.SerializableObject.GetSchema()
  spec.csharp:
  - uid: ESAPIX.Facade.API.SerializableObject.GetSchema
    name: GetSchema
    nameWithType: SerializableObject.GetSchema
    fullName: ESAPIX.Facade.API.SerializableObject.GetSchema
  - name: (
    nameWithType: (
    fullName: (
  - name: )
    nameWithType: )
    fullName: )
  spec.vb:
  - uid: ESAPIX.Facade.API.SerializableObject.GetSchema
    name: GetSchema
    nameWithType: SerializableObject.GetSchema
    fullName: ESAPIX.Facade.API.SerializableObject.GetSchema
  - name: (
    nameWithType: (
    fullName: (
  - name: )
    nameWithType: )
    fullName: )
- uid: ESAPIX.Facade.API.SerializableObject.ReadXml(System.Xml.XmlReader)
  commentId: M:ESAPIX.Facade.API.SerializableObject.ReadXml(System.Xml.XmlReader)
  parent: ESAPIX.Facade.API.SerializableObject
  isExternal: true
  name: ReadXml(Xml.XmlReader)
  nameWithType: SerializableObject.ReadXml(Xml.XmlReader)
  fullName: ESAPIX.Facade.API.SerializableObject.ReadXml(System.Xml.XmlReader)
  spec.csharp:
  - uid: ESAPIX.Facade.API.SerializableObject.ReadXml(System.Xml.XmlReader)
    name: ReadXml
    nameWithType: SerializableObject.ReadXml
    fullName: ESAPIX.Facade.API.SerializableObject.ReadXml
  - name: (
    nameWithType: (
    fullName: (
  - uid: System.Xml.XmlReader
    name: Xml.XmlReader
    nameWithType: Xml.XmlReader
    fullName: System.Xml.XmlReader
    isExternal: true
  - name: )
    nameWithType: )
    fullName: )
  spec.vb:
  - uid: ESAPIX.Facade.API.SerializableObject.ReadXml(System.Xml.XmlReader)
    name: ReadXml
    nameWithType: SerializableObject.ReadXml
    fullName: ESAPIX.Facade.API.SerializableObject.ReadXml
  - name: (
    nameWithType: (
    fullName: (
  - uid: System.Xml.XmlReader
    name: Xml.XmlReader
    nameWithType: Xml.XmlReader
    fullName: System.Xml.XmlReader
    isExternal: true
  - name: )
    nameWithType: )
    fullName: )
- uid: ESAPIX.Facade.API.SerializableObject.ClearSerializationHistory
  commentId: M:ESAPIX.Facade.API.SerializableObject.ClearSerializationHistory
  parent: ESAPIX.Facade.API.SerializableObject
  isExternal: false
  name: ClearSerializationHistory()
  nameWithType: SerializableObject.ClearSerializationHistory()
  fullName: ESAPIX.Facade.API.SerializableObject.ClearSerializationHistory()
  spec.csharp:
  - uid: ESAPIX.Facade.API.SerializableObject.ClearSerializationHistory
    name: ClearSerializationHistory
    nameWithType: SerializableObject.ClearSerializationHistory
    fullName: ESAPIX.Facade.API.SerializableObject.ClearSerializationHistory
  - name: (
    nameWithType: (
    fullName: (
  - name: )
    nameWithType: )
    fullName: )
  spec.vb:
  - uid: ESAPIX.Facade.API.SerializableObject.ClearSerializationHistory
    name: ClearSerializationHistory
    nameWithType: SerializableObject.ClearSerializationHistory
    fullName: ESAPIX.Facade.API.SerializableObject.ClearSerializationHistory
  - name: (
    nameWithType: (
    fullName: (
  - name: )
    nameWithType: )
    fullName: )
- uid: System.Object.Equals(System.Object,System.Object)
  commentId: M:System.Object.Equals(System.Object,System.Object)
  parent: System.Object
  isExternal: true
  name: Equals(Object, Object)
  nameWithType: Object.Equals(Object, Object)
  fullName: System.Object.Equals(System.Object, System.Object)
  spec.csharp:
  - uid: System.Object.Equals(System.Object,System.Object)
    name: Equals
    nameWithType: Object.Equals
    fullName: System.Object.Equals
    isExternal: true
  - name: (
    nameWithType: (
    fullName: (
  - uid: System.Object
    name: Object
    nameWithType: Object
    fullName: System.Object
    isExternal: true
  - name: ', '
    nameWithType: ', '
    fullName: ', '
  - uid: System.Object
    name: Object
    nameWithType: Object
    fullName: System.Object
    isExternal: true
  - name: )
    nameWithType: )
    fullName: )
  spec.vb:
  - uid: System.Object.Equals(System.Object,System.Object)
    name: Equals
    nameWithType: Object.Equals
    fullName: System.Object.Equals
    isExternal: true
  - name: (
    nameWithType: (
    fullName: (
  - uid: System.Object
    name: Object
    nameWithType: Object
    fullName: System.Object
    isExternal: true
  - name: ', '
    nameWithType: ', '
    fullName: ', '
  - uid: System.Object
    name: Object
    nameWithType: Object
    fullName: System.Object
    isExternal: true
  - name: )
    nameWithType: )
    fullName: )
- uid: System.Object.ReferenceEquals(System.Object,System.Object)
  commentId: M:System.Object.ReferenceEquals(System.Object,System.Object)
  parent: System.Object
  isExternal: true
  name: ReferenceEquals(Object, Object)
  nameWithType: Object.ReferenceEquals(Object, Object)
  fullName: System.Object.ReferenceEquals(System.Object, System.Object)
  spec.csharp:
  - uid: System.Object.ReferenceEquals(System.Object,System.Object)
    name: ReferenceEquals
    nameWithType: Object.ReferenceEquals
    fullName: System.Object.ReferenceEquals
    isExternal: true
  - name: (
    nameWithType: (
    fullName: (
  - uid: System.Object
    name: Object
    nameWithType: Object
    fullName: System.Object
    isExternal: true
  - name: ', '
    nameWithType: ', '
    fullName: ', '
  - uid: System.Object
    name: Object
    nameWithType: Object
    fullName: System.Object
    isExternal: true
  - name: )
    nameWithType: )
    fullName: )
  spec.vb:
  - uid: System.Object.ReferenceEquals(System.Object,System.Object)
    name: ReferenceEquals
    nameWithType: Object.ReferenceEquals
    fullName: System.Object.ReferenceEquals
    isExternal: true
  - name: (
    nameWithType: (
    fullName: (
  - uid: System.Object
    name: Object
    nameWithType: Object
    fullName: System.Object
    isExternal: true
  - name: ', '
    nameWithType: ', '
    fullName: ', '
  - uid: System.Object
    name: Object
    nameWithType: Object
    fullName: System.Object
    isExternal: true
  - name: )
    nameWithType: )
    fullName: )
- uid: System.Object.GetType
  commentId: M:System.Object.GetType
  parent: System.Object
  isExternal: true
  name: GetType()
  nameWithType: Object.GetType()
  fullName: System.Object.GetType()
  spec.csharp:
  - uid: System.Object.GetType
    name: GetType
    nameWithType: Object.GetType
    fullName: System.Object.GetType
    isExternal: true
  - name: (
    nameWithType: (
    fullName: (
  - name: )
    nameWithType: )
    fullName: )
  spec.vb:
  - uid: System.Object.GetType
    name: GetType
    nameWithType: Object.GetType
    fullName: System.Object.GetType
    isExternal: true
  - name: (
    nameWithType: (
    fullName: (
  - name: )
    nameWithType: )
    fullName: )
- uid: System.Object.MemberwiseClone
  commentId: M:System.Object.MemberwiseClone
  parent: System.Object
  isExternal: true
  name: MemberwiseClone()
  nameWithType: Object.MemberwiseClone()
  fullName: System.Object.MemberwiseClone()
  spec.csharp:
  - uid: System.Object.MemberwiseClone
    name: MemberwiseClone
    nameWithType: Object.MemberwiseClone
    fullName: System.Object.MemberwiseClone
    isExternal: true
  - name: (
    nameWithType: (
    fullName: (
  - name: )
    nameWithType: )
    fullName: )
  spec.vb:
  - uid: System.Object.MemberwiseClone
    name: MemberwiseClone
    nameWithType: Object.MemberwiseClone
    fullName: System.Object.MemberwiseClone
    isExternal: true
  - name: (
    nameWithType: (
    fullName: (
  - name: )
    nameWithType: )
    fullName: )
- uid: System
  commentId: N:System
  isExternal: false
  name: System
  nameWithType: System
  fullName: System
- uid: ESAPIX.Facade.API.Block.#ctor*
  commentId: Overload:ESAPIX.Facade.API.Block.#ctor
  isExternal: false
  name: Block
  nameWithType: Block.Block
  fullName: ESAPIX.Facade.API.Block.Block
- uid: ESAPIX.Facade.API.Block.IsLive*
  commentId: Overload:ESAPIX.Facade.API.Block.IsLive
  isExternal: false
  name: IsLive
  nameWithType: Block.IsLive
  fullName: ESAPIX.Facade.API.Block.IsLive
- uid: System.Boolean
  commentId: T:System.Boolean
  parent: System
  isExternal: true
  name: Boolean
  nameWithType: Boolean
  fullName: System.Boolean
- uid: ESAPIX.Facade.API.Block.AddOnMaterial*
  commentId: Overload:ESAPIX.Facade.API.Block.AddOnMaterial
  isExternal: false
  name: AddOnMaterial
  nameWithType: Block.AddOnMaterial
  fullName: ESAPIX.Facade.API.Block.AddOnMaterial
- uid: ESAPIX.Facade.API.AddOnMaterial
  commentId: T:ESAPIX.Facade.API.AddOnMaterial
  parent: ESAPIX.Facade.API
  isExternal: false
  name: AddOnMaterial
  nameWithType: AddOnMaterial
  fullName: ESAPIX.Facade.API.AddOnMaterial
- uid: ESAPIX.Facade.API.Block.IsDiverging*
  commentId: Overload:ESAPIX.Facade.API.Block.IsDiverging
  isExternal: false
  name: IsDiverging
  nameWithType: Block.IsDiverging
  fullName: ESAPIX.Facade.API.Block.IsDiverging
- uid: ESAPIX.Facade.API.Block.TransmissionFactor*
  commentId: Overload:ESAPIX.Facade.API.Block.TransmissionFactor
  isExternal: false
  name: TransmissionFactor
  nameWithType: Block.TransmissionFactor
  fullName: ESAPIX.Facade.API.Block.TransmissionFactor
- uid: System.Double
  commentId: T:System.Double
  parent: System
  isExternal: true
  name: Double
  nameWithType: Double
  fullName: System.Double
- uid: ESAPIX.Facade.API.Block.Tray*
  commentId: Overload:ESAPIX.Facade.API.Block.Tray
  isExternal: false
  name: Tray
  nameWithType: Block.Tray
  fullName: ESAPIX.Facade.API.Block.Tray
- uid: ESAPIX.Facade.API.Tray
  commentId: T:ESAPIX.Facade.API.Tray
  parent: ESAPIX.Facade.API
  isExternal: false
  name: Tray
  nameWithType: Tray
  fullName: ESAPIX.Facade.API.Tray
- uid: ESAPIX.Facade.API.Block.TrayTransmissionFactor*
  commentId: Overload:ESAPIX.Facade.API.Block.TrayTransmissionFactor
  isExternal: false
  name: TrayTransmissionFactor
  nameWithType: Block.TrayTransmissionFactor
  fullName: ESAPIX.Facade.API.Block.TrayTransmissionFactor
- uid: ESAPIX.Facade.API.Block.Type*
  commentId: Overload:ESAPIX.Facade.API.Block.Type
  isExternal: false
  name: Type
  nameWithType: Block.Type
  fullName: ESAPIX.Facade.API.Block.Type
- uid: BlockType
  commentId: '!:BlockType'
  isExternal: true
  name: BlockType
  nameWithType: BlockType
  fullName: BlockType
- uid: ESAPIX.Facade.API.Block.WriteXml*
  commentId: Overload:ESAPIX.Facade.API.Block.WriteXml
  isExternal: false
  name: WriteXml
  nameWithType: Block.WriteXml
  fullName: ESAPIX.Facade.API.Block.WriteXml
- uid: System.Xml.XmlWriter
  isExternal: true
  name: Xml.XmlWriter
  nameWithType: Xml.XmlWriter
  fullName: System.Xml.XmlWriter
