
Microsoft Visual Studio Solution File, Format Version 12.00
# Visual Studio Version 16
VisualStudioVersion = 16.0.29306.81
MinimumVisualStudioVersion = 10.0.40219.1
Project("{9A19103F-16F7-4668-BE54-9A1E7A4F7556}") = "ESAPIX.15.5", "ESAPIX.15.5.csproj", "{7A7E4361-6B86-405F-9A81-810E258381DD}"
EndProject
Global
	GlobalSection(SolutionConfigurationPlatforms) = preSolution
		Debug|x64 = Debug|x64
		Release|x64 = Release|x64
	EndGlobalSection
	GlobalSection(ProjectConfigurationPlatforms) = postSolution
		{7A7E4361-6B86-405F-9A81-810E258381DD}.Debug|x64.ActiveCfg = Debug|x64
		{7A7E4361-6B86-405F-9A81-810E258381DD}.Debug|x64.Build.0 = Debug|x64
		{7A7E4361-6B86-405F-9A81-810E258381DD}.Release|x64.ActiveCfg = Release|x64
		{7A7E4361-6B86-405F-9A81-810E258381DD}.Release|x64.Build.0 = Release|x64
	EndGlobalSection
	GlobalSection(SolutionProperties) = preSolution
		HideSolutionNode = FALSE
	EndGlobalSection
	GlobalSection(ExtensibilityGlobals) = postSolution
		SolutionGuid = {E3417593-BBF4-48F2-AA75-465B6E9C1F5A}
	EndGlobalSection
EndGlobal
